
Microsoft Visual Studio Solution File, Format Version 12.00
# Visual Studio 2012
Project("{2150E333-8FDC-42A3-9474-1A3956D46DE8}") = "Core", "Core", "{80C13E68-0D12-4CCD-829A-0B5ADF92F858}"
EndProject
Project("{2150E333-8FDC-42A3-9474-1A3956D46DE8}") = "Interfaces", "Interfaces", "{1837A414-E748-4257-A9BF-A5DA67972FD3}"
EndProject
Project("{2150E333-8FDC-42A3-9474-1A3956D46DE8}") = "Tests", "Tests", "{0B2D5374-9031-4F89-9337-C2A34CF20E7B}"
EndProject
Project("{FAE04EC0-301F-11D3-BF4B-00C04F79EFBC}") = "Core.Application", "Core.Application\Core.Application.csproj", "{37A8A521-CC80-4D8D-9242-344EDB00E06E}"
EndProject
Project("{FAE04EC0-301F-11D3-BF4B-00C04F79EFBC}") = "Core.Domain", "Core.Domain\Core.Domain.csproj", "{D7616D1F-9812-464F-A9DF-3A8919547E44}"
EndProject
Project("{FAE04EC0-301F-11D3-BF4B-00C04F79EFBC}") = "Core.Infrastructure", "Core.Infrastructure\Core.Infrastructure.csproj", "{A38194DF-2EFB-41FB-BE04-D8E39E7E7C40}"
EndProject
Project("{FAE04EC0-301F-11D3-BF4B-00C04F79EFBC}") = "ConsoleUI", "ConsoleUI\ConsoleUI.csproj", "{B0BCD352-D69C-4DF7-AA2D-5EDABA579A6C}"
EndProject
Project("{FAE04EC0-301F-11D3-BF4B-00C04F79EFBC}") = "UI", "UI\UI.csproj", "{D2C8846C-5D09-4777-B3EF-7C6919CECC9C}"
EndProject
Project("{2150E333-8FDC-42A3-9474-1A3956D46DE8}") = "ObjectMothers", "ObjectMothers", "{7C886C7D-01B3-4FD1-87AD-54206293A257}"
EndProject
Project("{2150E333-8FDC-42A3-9474-1A3956D46DE8}") = "UnityTests", "UnityTests", "{D8B87229-9D08-4417-84F3-DF0C646ADE19}"
EndProject
Project("{FAE04EC0-301F-11D3-BF4B-00C04F79EFBC}") = "Core.ObjectsMother", "Core.ObjectsMother\Core.ObjectsMother.csproj", "{49E44AD6-B1BB-4B0C-B549-4852E01B9BA0}"
EndProject
Project("{FAE04EC0-301F-11D3-BF4B-00C04F79EFBC}") = "Core.Infrastructure.UnitTests", "Core.Infrastructure.UnitTests\Core.Infrastructure.UnitTests.csproj", "{0C374E47-BFAB-43C3-B375-ED074DDB51D7}"
EndProject
Project("{FAE04EC0-301F-11D3-BF4B-00C04F79EFBC}") = "Core.Application.UnitTests", "Core.Application.UnitTests\Core.Application.UnitTests.csproj", "{494F4DC4-4E1C-4616-8443-65066E309126}"
EndProject
Global
	GlobalSection(SolutionConfigurationPlatforms) = preSolution
		Debug|Any CPU = Debug|Any CPU
		Release|Any CPU = Release|Any CPU
	EndGlobalSection
	GlobalSection(ProjectConfigurationPlatforms) = postSolution
		{37A8A521-CC80-4D8D-9242-344EDB00E06E}.Debug|Any CPU.ActiveCfg = Debug|Any CPU
		{37A8A521-CC80-4D8D-9242-344EDB00E06E}.Debug|Any CPU.Build.0 = Debug|Any CPU
		{37A8A521-CC80-4D8D-9242-344EDB00E06E}.Release|Any CPU.ActiveCfg = Release|Any CPU
		{37A8A521-CC80-4D8D-9242-344EDB00E06E}.Release|Any CPU.Build.0 = Release|Any CPU
		{D7616D1F-9812-464F-A9DF-3A8919547E44}.Debug|Any CPU.ActiveCfg = Debug|Any CPU
		{D7616D1F-9812-464F-A9DF-3A8919547E44}.Debug|Any CPU.Build.0 = Debug|Any CPU
		{D7616D1F-9812-464F-A9DF-3A8919547E44}.Release|Any CPU.ActiveCfg = Release|Any CPU
		{D7616D1F-9812-464F-A9DF-3A8919547E44}.Release|Any CPU.Build.0 = Release|Any CPU
		{A38194DF-2EFB-41FB-BE04-D8E39E7E7C40}.Debug|Any CPU.ActiveCfg = Debug|Any CPU
		{A38194DF-2EFB-41FB-BE04-D8E39E7E7C40}.Debug|Any CPU.Build.0 = Debug|Any CPU
		{A38194DF-2EFB-41FB-BE04-D8E39E7E7C40}.Release|Any CPU.ActiveCfg = Release|Any CPU
		{A38194DF-2EFB-41FB-BE04-D8E39E7E7C40}.Release|Any CPU.Build.0 = Release|Any CPU
		{B0BCD352-D69C-4DF7-AA2D-5EDABA579A6C}.Debug|Any CPU.ActiveCfg = Debug|Any CPU
		{B0BCD352-D69C-4DF7-AA2D-5EDABA579A6C}.Debug|Any CPU.Build.0 = Debug|Any CPU
		{B0BCD352-D69C-4DF7-AA2D-5EDABA579A6C}.Release|Any CPU.ActiveCfg = Release|Any CPU
		{B0BCD352-D69C-4DF7-AA2D-5EDABA579A6C}.Release|Any CPU.Build.0 = Release|Any CPU
		{D2C8846C-5D09-4777-B3EF-7C6919CECC9C}.Debug|Any CPU.ActiveCfg = Debug|Any CPU
		{D2C8846C-5D09-4777-B3EF-7C6919CECC9C}.Debug|Any CPU.Build.0 = Debug|Any CPU
		{D2C8846C-5D09-4777-B3EF-7C6919CECC9C}.Release|Any CPU.ActiveCfg = Release|Any CPU
		{D2C8846C-5D09-4777-B3EF-7C6919CECC9C}.Release|Any CPU.Build.0 = Release|Any CPU
		{49E44AD6-B1BB-4B0C-B549-4852E01B9BA0}.Debug|Any CPU.ActiveCfg = Debug|Any CPU
		{49E44AD6-B1BB-4B0C-B549-4852E01B9BA0}.Debug|Any CPU.Build.0 = Debug|Any CPU
		{49E44AD6-B1BB-4B0C-B549-4852E01B9BA0}.Release|Any CPU.ActiveCfg = Release|Any CPU
		{49E44AD6-B1BB-4B0C-B549-4852E01B9BA0}.Release|Any CPU.Build.0 = Release|Any CPU
		{0C374E47-BFAB-43C3-B375-ED074DDB51D7}.Debug|Any CPU.ActiveCfg = Debug|Any CPU
		{0C374E47-BFAB-43C3-B375-ED074DDB51D7}.Debug|Any CPU.Build.0 = Debug|Any CPU
		{0C374E47-BFAB-43C3-B375-ED074DDB51D7}.Release|Any CPU.ActiveCfg = Release|Any CPU
		{0C374E47-BFAB-43C3-B375-ED074DDB51D7}.Release|Any CPU.Build.0 = Release|Any CPU
		{494F4DC4-4E1C-4616-8443-65066E309126}.Debug|Any CPU.ActiveCfg = Debug|Any CPU
		{494F4DC4-4E1C-4616-8443-65066E309126}.Debug|Any CPU.Build.0 = Debug|Any CPU
		{494F4DC4-4E1C-4616-8443-65066E309126}.Release|Any CPU.ActiveCfg = Release|Any CPU
		{494F4DC4-4E1C-4616-8443-65066E309126}.Release|Any CPU.Build.0 = Release|Any CPU
	EndGlobalSection
	GlobalSection(SolutionProperties) = preSolution
		HideSolutionNode = FALSE
	EndGlobalSection
	GlobalSection(NestedProjects) = preSolution
		{37A8A521-CC80-4D8D-9242-344EDB00E06E} = {80C13E68-0D12-4CCD-829A-0B5ADF92F858}
		{D7616D1F-9812-464F-A9DF-3A8919547E44} = {80C13E68-0D12-4CCD-829A-0B5ADF92F858}
		{A38194DF-2EFB-41FB-BE04-D8E39E7E7C40} = {80C13E68-0D12-4CCD-829A-0B5ADF92F858}
		{B0BCD352-D69C-4DF7-AA2D-5EDABA579A6C} = {1837A414-E748-4257-A9BF-A5DA67972FD3}
		{D2C8846C-5D09-4777-B3EF-7C6919CECC9C} = {1837A414-E748-4257-A9BF-A5DA67972FD3}
		{7C886C7D-01B3-4FD1-87AD-54206293A257} = {0B2D5374-9031-4F89-9337-C2A34CF20E7B}
		{D8B87229-9D08-4417-84F3-DF0C646ADE19} = {0B2D5374-9031-4F89-9337-C2A34CF20E7B}
		{49E44AD6-B1BB-4B0C-B549-4852E01B9BA0} = {7C886C7D-01B3-4FD1-87AD-54206293A257}
		{0C374E47-BFAB-43C3-B375-ED074DDB51D7} = {D8B87229-9D08-4417-84F3-DF0C646ADE19}
		{494F4DC4-4E1C-4616-8443-65066E309126} = {D8B87229-9D08-4417-84F3-DF0C646ADE19}
	EndGlobalSection
EndGlobal
